<?xml version="1.0" encoding="utf-8"?>
<Project ToolsVersion="4.0" xmlns="http://schemas.microsoft.com/developer/msbuild/2003">
  <ItemGroup>
    <Filter Include="core">
      <UniqueIdentifier>{cc8cca4e-fbf0-4cd9-b4d4-1a3a094d6374}</UniqueIdentifier>
    </Filter>
    <Filter Include="thirdparty">
      <UniqueIdentifier>{f3b1bb03-1cd3-48a4-90cd-83c39d94d86e}</UniqueIdentifier>
    </Filter>
    <Filter Include="meta">
      <UniqueIdentifier>{7173abc1-f27c-49e0-a9f3-e1b49c21f6d1}</UniqueIdentifier>
    </Filter>
    <Filter Include="render">
      <UniqueIdentifier>{e047da53-c71a-4c40-8bab-474b2f0f7d13}</UniqueIdentifier>
    </Filter>
    <Filter Include="io">
      <UniqueIdentifier>{b8f7c1f5-3637-4030-8de2-5c3367b49b0f}</UniqueIdentifier>
    </Filter>
  </ItemGroup>
  <ItemGroup>
    <ClCompile Include="Object.cpp">
      <Filter>core</Filter>
    </ClCompile>
    <ClCompile Include="源.cpp" />
    <ClCompile Include="MetaObject.cpp">
      <Filter>core</Filter>
    </ClCompile>
    <ClCompile Include="GameObject.cpp">
      <Filter>core</Filter>
    </ClCompile>
    <ClCompile Include="metainfo\meta_BaseComponent.cpp">
      <Filter>meta</Filter>
    </ClCompile>
    <ClCompile Include="metainfo\meta_ClassInfo.cpp">
      <Filter>meta</Filter>
    </ClCompile>
    <ClCompile Include="metainfo\meta_Component.cpp">
      <Filter>meta</Filter>
    </ClCompile>
    <ClCompile Include="metainfo\meta_GameObject.cpp">
      <Filter>meta</Filter>
    </ClCompile>
    <ClCompile Include="metainfo\meta_Object.cpp">
      <Filter>meta</Filter>
    </ClCompile>
    <ClCompile Include="metainfo\meta_Timer.cpp">
      <Filter>meta</Filter>
    </ClCompile>
    <ClCompile Include="metainfo\meta_Transform.cpp">
      <Filter>meta</Filter>
    </ClCompile>
    <ClCompile Include="metainfo\meta_Application.cpp">
      <Filter>meta</Filter>
    </ClCompile>
    <ClCompile Include="Application.cpp">
      <Filter>core</Filter>
    </ClCompile>
    <ClCompile Include="Timer.cpp">
      <Filter>core</Filter>
    </ClCompile>
    <ClCompile Include="TimerMgr.cpp">
      <Filter>core</Filter>
    </ClCompile>
    <ClCompile Include="metainfo\meta_TimerMgr.cpp">
      <Filter>meta</Filter>
    </ClCompile>
    <ClCompile Include="glad.c">
      <Filter>thirdparty</Filter>
    </ClCompile>
    <ClCompile Include="Window.cpp">
      <Filter>render</Filter>
    </ClCompile>
    <ClCompile Include="Input.cpp">
      <Filter>io</Filter>
    </ClCompile>
    <ClCompile Include="metainfo\meta_Input.cpp">
      <Filter>meta</Filter>
    </ClCompile>
    <ClCompile Include="metainfo\meta_Window.cpp">
      <Filter>meta</Filter>
    </ClCompile>
  </ItemGroup>
  <ItemGroup>
    <ClInclude Include="Object.h">
      <Filter>core</Filter>
    </ClInclude>
    <ClInclude Include="MetaObject.h">
      <Filter>core</Filter>
    </ClInclude>
    <ClInclude Include="BaseComponent.h">
      <Filter>core</Filter>
    </ClInclude>
    <ClInclude Include="GameObject.h">
      <Filter>core</Filter>
    </ClInclude>
    <ClInclude Include="Component.h">
      <Filter>core</Filter>
    </ClInclude>
    <ClInclude Include="Transform.h">
      <Filter>core</Filter>
    </ClInclude>
    <ClInclude Include="Timer.h">
      <Filter>core</Filter>
    </ClInclude>
    <ClInclude Include="Delegate.h">
      <Filter>core</Filter>
    </ClInclude>
    <ClInclude Include="Application.h">
      <Filter>core</Filter>
    </ClInclude>
    <ClInclude Include="TimerMgr.h">
      <Filter>core</Filter>
    </ClInclude>
    <ClInclude Include="Window.h">
      <Filter>render</Filter>
    </ClInclude>
    <ClInclude Include="Input.h">
      <Filter>io</Filter>
    </ClInclude>
  </ItemGroup>
</Project>