<?xml version="1.0" encoding="utf-8"?>
<Project ToolsVersion="4.0" xmlns="http://schemas.microsoft.com/developer/msbuild/2003">
  <ItemGroup>
    <Filter Include="core">
      <UniqueIdentifier>{cc8cca4e-fbf0-4cd9-b4d4-1a3a094d6374}</UniqueIdentifier>
    </Filter>
    <Filter Include="thirdparty">
      <UniqueIdentifier>{f3b1bb03-1cd3-48a4-90cd-83c39d94d86e}</UniqueIdentifier>
    </Filter>
    <Filter Include="meta">
      <UniqueIdentifier>{7173abc1-f27c-49e0-a9f3-e1b49c21f6d1}</UniqueIdentifier>
    </Filter>
    <Filter Include="render">
      <UniqueIdentifier>{e047da53-c71a-4c40-8bab-474b2f0f7d13}</UniqueIdentifier>
    </Filter>
    <Filter Include="io">
      <UniqueIdentifier>{b8f7c1f5-3637-4030-8de2-5c3367b49b0f}</UniqueIdentifier>
    </Filter>
    <Filter Include="asset">
      <UniqueIdentifier>{9edcfa7b-43a9-4ecd-801f-0cfc9a4c7973}</UniqueIdentifier>
    </Filter>
    <Filter Include="scripts">
      <UniqueIdentifier>{f04d41da-070b-49c0-95cb-70e63a141534}</UniqueIdentifier>
    </Filter>
  </ItemGroup>
  <ItemGroup>
    <ClCompile Include="Object.cpp">
      <Filter>core</Filter>
    </ClCompile>
    <ClCompile Include="源.cpp" />
    <ClCompile Include="MetaObject.cpp">
      <Filter>core</Filter>
    </ClCompile>
    <ClCompile Include="GameObject.cpp">
      <Filter>core</Filter>
    </ClCompile>
    <ClCompile Include="metainfo\meta_ClassInfo.cpp">
      <Filter>meta</Filter>
    </ClCompile>
    <ClCompile Include="metainfo\meta_Component.cpp">
      <Filter>meta</Filter>
    </ClCompile>
    <ClCompile Include="metainfo\meta_GameObject.cpp">
      <Filter>meta</Filter>
    </ClCompile>
    <ClCompile Include="metainfo\meta_Object.cpp">
      <Filter>meta</Filter>
    </ClCompile>
    <ClCompile Include="metainfo\meta_Timer.cpp">
      <Filter>meta</Filter>
    </ClCompile>
    <ClCompile Include="metainfo\meta_Transform.cpp">
      <Filter>meta</Filter>
    </ClCompile>
    <ClCompile Include="metainfo\meta_Application.cpp">
      <Filter>meta</Filter>
    </ClCompile>
    <ClCompile Include="Application.cpp">
      <Filter>core</Filter>
    </ClCompile>
    <ClCompile Include="Timer.cpp">
      <Filter>core</Filter>
    </ClCompile>
    <ClCompile Include="TimerMgr.cpp">
      <Filter>core</Filter>
    </ClCompile>
    <ClCompile Include="metainfo\meta_TimerMgr.cpp">
      <Filter>meta</Filter>
    </ClCompile>
    <ClCompile Include="glad.c">
      <Filter>thirdparty</Filter>
    </ClCompile>
    <ClCompile Include="Window.cpp">
      <Filter>render</Filter>
    </ClCompile>
    <ClCompile Include="Input.cpp">
      <Filter>io</Filter>
    </ClCompile>
    <ClCompile Include="metainfo\meta_Input.cpp">
      <Filter>meta</Filter>
    </ClCompile>
    <ClCompile Include="metainfo\meta_Window.cpp">
      <Filter>meta</Filter>
    </ClCompile>
    <ClCompile Include="Mesh.cpp">
      <Filter>render</Filter>
    </ClCompile>
    <ClCompile Include="Renderer.cpp">
      <Filter>render</Filter>
    </ClCompile>
    <ClCompile Include="metainfo\meta_Behaviour.cpp">
      <Filter>meta</Filter>
    </ClCompile>
    <ClCompile Include="metainfo\meta_Mesh.cpp">
      <Filter>meta</Filter>
    </ClCompile>
    <ClCompile Include="metainfo\meta_MeshRenderer.cpp">
      <Filter>meta</Filter>
    </ClCompile>
    <ClCompile Include="metainfo\meta_Renderer.cpp">
      <Filter>meta</Filter>
    </ClCompile>
    <ClCompile Include="Transform.cpp">
      <Filter>core</Filter>
    </ClCompile>
    <ClCompile Include="RenderMgr.cpp">
      <Filter>render</Filter>
    </ClCompile>
    <ClCompile Include="SceneMgr.cpp">
      <Filter>render</Filter>
    </ClCompile>
    <ClCompile Include="metainfo\meta_Camera.cpp">
      <Filter>meta</Filter>
    </ClCompile>
    <ClCompile Include="metainfo\meta_MonoBehaviour.cpp">
      <Filter>meta</Filter>
    </ClCompile>
    <ClCompile Include="MeshRenderer.cpp">
      <Filter>render</Filter>
    </ClCompile>
    <ClCompile Include="metainfo\meta_MeshFilter.cpp">
      <Filter>meta</Filter>
    </ClCompile>
    <ClCompile Include="GameMgr.cpp">
      <Filter>core</Filter>
    </ClCompile>
    <ClCompile Include="Scene.cpp">
      <Filter>render</Filter>
    </ClCompile>
    <ClCompile Include="Texture.cpp">
      <Filter>asset</Filter>
    </ClCompile>
    <ClCompile Include="Material.cpp">
      <Filter>render</Filter>
    </ClCompile>
    <ClCompile Include="ScriptMgr.cpp">
      <Filter>core</Filter>
    </ClCompile>
    <ClCompile Include="Component.cpp">
      <Filter>core</Filter>
    </ClCompile>
    <ClCompile Include="metainfo\meta_AlwaysLootAt.cpp">
      <Filter>meta</Filter>
    </ClCompile>
    <ClCompile Include="metainfo\meta_CamMoveCtrl.cpp">
      <Filter>meta</Filter>
    </ClCompile>
    <ClCompile Include="metainfo\meta_CubeMove.cpp">
      <Filter>meta</Filter>
    </ClCompile>
    <ClCompile Include="metainfo\meta_Texture.cpp">
      <Filter>meta</Filter>
    </ClCompile>
    <ClCompile Include="metainfo\meta_LightRotateAround.cpp" />
    <ClCompile Include="metainfo\meta_Light.cpp" />
    <ClCompile Include="metainfo\meta_Decorate.cpp" />
    <ClCompile Include="metainfo\meta_SkyBox.cpp" />
    <ClCompile Include="CtrlBoom.cpp">
      <Filter>scripts</Filter>
    </ClCompile>
    <ClCompile Include="metainfo\meta_TextureCube.cpp" />
    <ClCompile Include="metainfo\meta_CtrlBoom.cpp" />
  </ItemGroup>
  <ItemGroup>
    <ClInclude Include="Object.h">
      <Filter>core</Filter>
    </ClInclude>
    <ClInclude Include="MetaObject.h">
      <Filter>core</Filter>
    </ClInclude>
    <ClInclude Include="GameObject.h">
      <Filter>core</Filter>
    </ClInclude>
    <ClInclude Include="Component.h">
      <Filter>core</Filter>
    </ClInclude>
    <ClInclude Include="Transform.h">
      <Filter>core</Filter>
    </ClInclude>
    <ClInclude Include="Timer.h">
      <Filter>core</Filter>
    </ClInclude>
    <ClInclude Include="Delegate.h">
      <Filter>core</Filter>
    </ClInclude>
    <ClInclude Include="Application.h">
      <Filter>core</Filter>
    </ClInclude>
    <ClInclude Include="TimerMgr.h">
      <Filter>core</Filter>
    </ClInclude>
    <ClInclude Include="Window.h">
      <Filter>render</Filter>
    </ClInclude>
    <ClInclude Include="Input.h">
      <Filter>io</Filter>
    </ClInclude>
    <ClInclude Include="Mesh.h">
      <Filter>render</Filter>
    </ClInclude>
    <ClInclude Include="Shader.h">
      <Filter>render</Filter>
    </ClInclude>
    <ClInclude Include="Behaviour.h">
      <Filter>core</Filter>
    </ClInclude>
    <ClInclude Include="Renderer.h">
      <Filter>render</Filter>
    </ClInclude>
    <ClInclude Include="Material.h">
      <Filter>render</Filter>
    </ClInclude>
    <ClInclude Include="MeshRenderer.h">
      <Filter>render</Filter>
    </ClInclude>
    <ClInclude Include="RenderMgr.h">
      <Filter>render</Filter>
    </ClInclude>
    <ClInclude Include="Scene.h">
      <Filter>render</Filter>
    </ClInclude>
    <ClInclude Include="SceneMgr.h">
      <Filter>render</Filter>
    </ClInclude>
    <ClInclude Include="Light.h">
      <Filter>render</Filter>
    </ClInclude>
    <ClInclude Include="MonoBehaviour.h">
      <Filter>core</Filter>
    </ClInclude>
    <ClInclude Include="GameMgr.h">
      <Filter>core</Filter>
    </ClInclude>
    <ClInclude Include="ScriptMgr.h">
      <Filter>core</Filter>
    </ClInclude>
    <ClInclude Include="Camera.h">
      <Filter>render</Filter>
    </ClInclude>
    <ClInclude Include="ykEngine.h" />
    <ClInclude Include="MeshFilter.h">
      <Filter>render</Filter>
    </ClInclude>
    <ClInclude Include="Texture.h">
      <Filter>asset</Filter>
    </ClInclude>
    <ClInclude Include="Resources.h">
      <Filter>asset</Filter>
    </ClInclude>
    <ClInclude Include="AssetImporter.h">
      <Filter>asset</Filter>
    </ClInclude>
    <ClInclude Include="stb_image.hpp">
      <Filter>thirdparty</Filter>
    </ClInclude>
    <ClInclude Include="GraphicDebug.h" />
    <ClInclude Include="CamMoveCtrl.h">
      <Filter>scripts</Filter>
    </ClInclude>
    <ClInclude Include="CubeMove.h">
      <Filter>scripts</Filter>
    </ClInclude>
    <ClInclude Include="AlwaysLootAt.h">
      <Filter>scripts</Filter>
    </ClInclude>
    <ClInclude Include="LightRotateAround.h">
      <Filter>scripts</Filter>
    </ClInclude>
    <ClInclude Include="FrameBuffer.h">
      <Filter>render</Filter>
    </ClInclude>
    <ClInclude Include="Decorate.h">
      <Filter>render</Filter>
    </ClInclude>
    <ClInclude Include="SkyBox.h">
      <Filter>render</Filter>
    </ClInclude>
    <ClInclude Include="TextureCube.h">
      <Filter>asset</Filter>
    </ClInclude>
    <ClInclude Include="CtrlBoom.h">
      <Filter>scripts</Filter>
    </ClInclude>
  </ItemGroup>
  <ItemGroup>
    <None Include="metainfo.py" />
    <None Include="shaders\diffuse.vert" />
    <None Include="shaders\diffuse.frag" />
  </ItemGroup>
</Project>